# This file is automatically @generated by Cargo.
# It is not intended for manual editing.
version = 4

[[package]]
name = "overthrow-bot"
version = "0.1.0"
dependencies = [
 "overthrow-engine",
]

[[package]]
name = "overthrow-cli"
version = "0.1.0"
dependencies = [
 "overthrow-bot",
 "overthrow-engine",
]

[[package]]
name = "overthrow-engine"
version = "0.1.0"
